
Microsoft Visual Studio Solution File, Format Version 12.00
# Visual Studio Version 17
VisualStudioVersion = 17.4.33205.214
MinimumVisualStudioVersion = 10.0.40219.1
Project("{9A19103F-16F7-4668-BE54-9A1E7A4F7556}") = "MovieApplication.Entities", "MvApp1.Entities\MovieApplication.Entities.csproj", "{2F2DD0A9-A5A9-4248-AC80-26A1733FC913}"
EndProject
Project("{9A19103F-16F7-4668-BE54-9A1E7A4F7556}") = "MovieApplication.DataAccess", "MvApp1.DataAccess\MovieApplication.DataAccess.csproj", "{702A1C28-53DC-4FAE-A7AD-D43D5ABA8889}"
EndProject
Project("{9A19103F-16F7-4668-BE54-9A1E7A4F7556}") = "MovieApplicationBusiness", "MvApp1.Business\MovieApplicationBusiness.csproj", "{3F0DAD53-2437-4552-B823-E2B4309ED50D}"
EndProject
Project("{9A19103F-16F7-4668-BE54-9A1E7A4F7556}") = "MovieApplication", "WebApplication1\MovieApplication.csproj", "{0DD71221-3B15-4C14-8C78-15EECEFE302A}"
EndProject
Global
	GlobalSection(SolutionConfigurationPlatforms) = preSolution
		Debug|Any CPU = Debug|Any CPU
		Release|Any CPU = Release|Any CPU
	EndGlobalSection
	GlobalSection(ProjectConfigurationPlatforms) = postSolution
		{2F2DD0A9-A5A9-4248-AC80-26A1733FC913}.Debug|Any CPU.ActiveCfg = Debug|Any CPU
		{2F2DD0A9-A5A9-4248-AC80-26A1733FC913}.Debug|Any CPU.Build.0 = Debug|Any CPU
		{2F2DD0A9-A5A9-4248-AC80-26A1733FC913}.Release|Any CPU.ActiveCfg = Release|Any CPU
		{2F2DD0A9-A5A9-4248-AC80-26A1733FC913}.Release|Any CPU.Build.0 = Release|Any CPU
		{702A1C28-53DC-4FAE-A7AD-D43D5ABA8889}.Debug|Any CPU.ActiveCfg = Debug|Any CPU
		{702A1C28-53DC-4FAE-A7AD-D43D5ABA8889}.Debug|Any CPU.Build.0 = Debug|Any CPU
		{702A1C28-53DC-4FAE-A7AD-D43D5ABA8889}.Release|Any CPU.ActiveCfg = Release|Any CPU
		{702A1C28-53DC-4FAE-A7AD-D43D5ABA8889}.Release|Any CPU.Build.0 = Release|Any CPU
		{3F0DAD53-2437-4552-B823-E2B4309ED50D}.Debug|Any CPU.ActiveCfg = Debug|Any CPU
		{3F0DAD53-2437-4552-B823-E2B4309ED50D}.Debug|Any CPU.Build.0 = Debug|Any CPU
		{3F0DAD53-2437-4552-B823-E2B4309ED50D}.Release|Any CPU.ActiveCfg = Release|Any CPU
		{3F0DAD53-2437-4552-B823-E2B4309ED50D}.Release|Any CPU.Build.0 = Release|Any CPU
		{0DD71221-3B15-4C14-8C78-15EECEFE302A}.Debug|Any CPU.ActiveCfg = Debug|Any CPU
		{0DD71221-3B15-4C14-8C78-15EECEFE302A}.Debug|Any CPU.Build.0 = Debug|Any CPU
		{0DD71221-3B15-4C14-8C78-15EECEFE302A}.Release|Any CPU.ActiveCfg = Release|Any CPU
		{0DD71221-3B15-4C14-8C78-15EECEFE302A}.Release|Any CPU.Build.0 = Release|Any CPU
	EndGlobalSection
	GlobalSection(SolutionProperties) = preSolution
		HideSolutionNode = FALSE
	EndGlobalSection
	GlobalSection(ExtensibilityGlobals) = postSolution
		SolutionGuid = {E6F1C19F-9B35-4CAC-AA4D-9AD9D66E68EC}
	EndGlobalSection
EndGlobal
